
Microsoft Visual Studio Solution File, Format Version 12.00
# Visual Studio 2012
Project("{FAE04EC0-301F-11D3-BF4B-00C04F79EFBC}") = "ThreadSafeTest", "ThreadSafeTest\ThreadSafeTest.csproj", "{DBC50498-F9C6-41FC-9112-954B4A29B29B}"
EndProject
Project("{FAE04EC0-301F-11D3-BF4B-00C04F79EFBC}") = "WaitHandleTest", "WaitHandleTest\WaitHandleTest.csproj", "{B7E605CC-7FBB-4664-921C-569C451895A8}"
EndProject
Project("{FAE04EC0-301F-11D3-BF4B-00C04F79EFBC}") = "CountdownEventTest", "CountdownEventTest\CountdownEventTest.csproj", "{9D067E22-AB0D-4A29-8408-06FCB81BF163}"
EndProject
Global
	GlobalSection(SolutionConfigurationPlatforms) = preSolution
		Debug|Any CPU = Debug|Any CPU
		Release|Any CPU = Release|Any CPU
	EndGlobalSection
	GlobalSection(ProjectConfigurationPlatforms) = postSolution
		{DBC50498-F9C6-41FC-9112-954B4A29B29B}.Debug|Any CPU.ActiveCfg = Debug|Any CPU
		{DBC50498-F9C6-41FC-9112-954B4A29B29B}.Debug|Any CPU.Build.0 = Debug|Any CPU
		{DBC50498-F9C6-41FC-9112-954B4A29B29B}.Release|Any CPU.ActiveCfg = Release|Any CPU
		{DBC50498-F9C6-41FC-9112-954B4A29B29B}.Release|Any CPU.Build.0 = Release|Any CPU
		{B7E605CC-7FBB-4664-921C-569C451895A8}.Debug|Any CPU.ActiveCfg = Debug|Any CPU
		{B7E605CC-7FBB-4664-921C-569C451895A8}.Debug|Any CPU.Build.0 = Debug|Any CPU
		{B7E605CC-7FBB-4664-921C-569C451895A8}.Release|Any CPU.ActiveCfg = Release|Any CPU
		{B7E605CC-7FBB-4664-921C-569C451895A8}.Release|Any CPU.Build.0 = Release|Any CPU
		{9D067E22-AB0D-4A29-8408-06FCB81BF163}.Debug|Any CPU.ActiveCfg = Debug|Any CPU
		{9D067E22-AB0D-4A29-8408-06FCB81BF163}.Debug|Any CPU.Build.0 = Debug|Any CPU
		{9D067E22-AB0D-4A29-8408-06FCB81BF163}.Release|Any CPU.ActiveCfg = Release|Any CPU
		{9D067E22-AB0D-4A29-8408-06FCB81BF163}.Release|Any CPU.Build.0 = Release|Any CPU
	EndGlobalSection
	GlobalSection(SolutionProperties) = preSolution
		HideSolutionNode = FALSE
	EndGlobalSection
EndGlobal
